
Microsoft Visual Studio Solution File, Format Version 12.00
# Visual Studio 14
VisualStudioVersion = 14.0.23107.0
MinimumVisualStudioVersion = 10.0.40219.1
Project("{FAE04EC0-301F-11D3-BF4B-00C04F79EFBC}") = "dm.MainWeb", "dm.MainWeb\dm.MainWeb.csproj", "{DA6D036E-11EF-47E0-91EB-49D6BC847E2C}"
EndProject
Global
	GlobalSection(SolutionConfigurationPlatforms) = preSolution
		Debug|Any CPU = Debug|Any CPU
		Release|Any CPU = Release|Any CPU
	EndGlobalSection
	GlobalSection(ProjectConfigurationPlatforms) = postSolution
		{DA6D036E-11EF-47E0-91EB-49D6BC847E2C}.Debug|Any CPU.ActiveCfg = Debug|Any CPU
		{DA6D036E-11EF-47E0-91EB-49D6BC847E2C}.Debug|Any CPU.Build.0 = Debug|Any CPU
		{DA6D036E-11EF-47E0-91EB-49D6BC847E2C}.Release|Any CPU.ActiveCfg = Release|Any CPU
		{DA6D036E-11EF-47E0-91EB-49D6BC847E2C}.Release|Any CPU.Build.0 = Release|Any CPU
	EndGlobalSection
	GlobalSection(SolutionProperties) = preSolution
		HideSolutionNode = FALSE
	EndGlobalSection
EndGlobal
